
Microsoft Visual Studio Solution File, Format Version 12.00
# Visual Studio Version 16
VisualStudioVersion = 16.0.29609.76
MinimumVisualStudioVersion = 10.0.40219.1
Project("{FAE04EC0-301F-11D3-BF4B-00C04F79EFBC}") = "Challenge", "Challenge\Challenge.csproj", "{7D98483B-BB5C-4892-A74B-5E40897F0C68}"
EndProject
Global
	GlobalSection(SolutionConfigurationPlatforms) = preSolution
		Debug|Any CPU = Debug|Any CPU
		Release|Any CPU = Release|Any CPU
	EndGlobalSection
	GlobalSection(ProjectConfigurationPlatforms) = postSolution
		{7D98483B-BB5C-4892-A74B-5E40897F0C68}.Debug|Any CPU.ActiveCfg = Debug|Any CPU
		{7D98483B-BB5C-4892-A74B-5E40897F0C68}.Debug|Any CPU.Build.0 = Debug|Any CPU
		{7D98483B-BB5C-4892-A74B-5E40897F0C68}.Release|Any CPU.ActiveCfg = Release|Any CPU
		{7D98483B-BB5C-4892-A74B-5E40897F0C68}.Release|Any CPU.Build.0 = Release|Any CPU
	EndGlobalSection
	GlobalSection(SolutionProperties) = preSolution
		HideSolutionNode = FALSE
	EndGlobalSection
	GlobalSection(ExtensibilityGlobals) = postSolution
		SolutionGuid = {3FEAC571-4AD3-4F7E-9D1D-61589C16BF20}
	EndGlobalSection
EndGlobal
